github.com/campoy/embedmd v1.0.0/go.mod h1:oxyr9RCiSXg0M3VJ3ks0UGfp98BpSSGr0kpiX3MzVl8=
github.com/dlespiau/covertool v0.0.0-20180314162135-b0c4c6d0583a/go.mod h1:/eQMcW3eA1bzKx23ZYI2H3tXPdJB5JWYTHzoUPBvQY4=
github.com/mmcloughlin/avo v0.0.0-20190318053554-7a0eb66183da h1:XLTjQs5eQIHvDj8ou86eyqBXr13UdC2Z+zDVAwfT2i0=
github.com/mmcloughlin/avo v0.0.0-20190318053554-7a0eb66183da/go.mod h1:lf5GMZxA5kz8dnCweJuER5Rmbx6dDu6qvw0fO3uYKK8=
github.com/pmezard/go-difflib v1.0.0/go.mod h1:iKH77koFhYxTK1pcRnkKkqfTogsbg7gZNVY4sRDYZ/4=
github.com/urfave/cli v1.20.0/go.mod h1:70zkFmudgCuE/ngEzBv17Jvp/497gISqfk5gWijbERA=
golang.org/x/arch v0.0.0-20181203225421-5a4828bb7045/go.mod h1:cYlCBUl1MsqxdiKgmc4uh7TxZfWSFLOGSRR090WDxt8=
golang.org/x/sys v0.0.0-20190316082340-a2f829d7f35f h1:yCrMx/EeIue0+Qca57bWZS7VX6ymEoypmhWyPhz0NHM=
golang.org/x/sys v0.0.0-20190316082340-a2f829d7f35f/go.mod h1:h1NjWce9XRLGQEsW7wpKNCjG9DtNlClVuFLEZdDNbEs=
golang.org/x/tools v0.0.0-20190106171756-3ef68632349c/go.mod h1:n7NCudcB/nEzxVGmLbDWY5pfWTLqBcC2KZ6jyYvM4mQ=
