github.com/klauspost/cpuid/v2 v2.0.9 h1:lgaqFMSdTdQYdZ04uHyN2d/eKdOMyi2YLSvlQIBFYa4=
github.com/klauspost/cpuid/v2 v2.0.9/go.mod h1:FInQzS24/EEf25PyTYn52gqo7WaD8xa0213Md/qVLRg=
golang.org/x/sys v0.0.0-20200727154430-2d971f7391a4 h1:gtF+PUC1CD1a9ocwQHbVNXuTp6RQsAYt6tpi6zjT81Y=
golang.org/x/sys v0.0.0-20200727154430-2d971f7391a4/go.mod h1:h1NjWce9XRLGQEsW7wpKNCjG9DtNlClVuFLEZdDNbEs=
